
Microsoft Visual Studio Solution File, Format Version 12.00
# Visual Studio Version 17
VisualStudioVersion = 17.4.33205.214
MinimumVisualStudioVersion = 10.0.40219.1
Project("{2150E333-8FDC-42A3-9474-1A3956D46DE8}") = "Services", "Services", "{8E4F47CB-B2D0-4B86-B4F7-3890D8C111B9}"
EndProject
Project("{2150E333-8FDC-42A3-9474-1A3956D46DE8}") = "WebApps", "WebApps", "{589267D9-BB4D-4827-B1B1-253DDFEB2522}"
EndProject
Project("{2150E333-8FDC-42A3-9474-1A3956D46DE8}") = "Registrations", "Registrations", "{3C810C9B-E3D4-42C0-822F-FB1C632F2DCA}"
EndProject
Project("{2150E333-8FDC-42A3-9474-1A3956D46DE8}") = "Catalogs", "Catalogs", "{7A412FB0-31FF-42A3-9376-E6DB758AF42E}"
EndProject
Project("{2150E333-8FDC-42A3-9474-1A3956D46DE8}") = "Core", "Core", "{787FF52F-28EA-4BD0-B1C8-5DD73F0EBE06}"
EndProject
Project("{2150E333-8FDC-42A3-9474-1A3956D46DE8}") = "Fiscal", "Fiscal", "{D4577977-B00D-4495-A3FA-A20BB6A50456}"
EndProject
Project("{2150E333-8FDC-42A3-9474-1A3956D46DE8}") = "Payments", "Payments", "{9F0CF089-AE3A-4DFD-B65A-E15F900F9767}"
EndProject
Project("{2150E333-8FDC-42A3-9474-1A3956D46DE8}") = "Sales", "Sales", "{B5779806-5B58-4926-A13B-057A4F4F3612}"
EndProject
Project("{9A19103F-16F7-4668-BE54-9A1E7A4F7556}") = "RichDomainModels.Core", "src\RichDomainModels.Core\RichDomainModels.Core.csproj", "{270005C3-A555-4023-BBCE-8657630A883E}"
EndProject
Project("{FAE04EC0-301F-11D3-BF4B-00C04F79EFBC}") = "Catalog.Domain", "src\Catalog.Domain\Catalog.Domain.csproj", "{529F784F-4067-45A8-88FD-7F3399EA457E}"
EndProject
Global
	GlobalSection(SolutionConfigurationPlatforms) = preSolution
		Debug|Any CPU = Debug|Any CPU
		Release|Any CPU = Release|Any CPU
	EndGlobalSection
	GlobalSection(ProjectConfigurationPlatforms) = postSolution
		{270005C3-A555-4023-BBCE-8657630A883E}.Debug|Any CPU.ActiveCfg = Debug|Any CPU
		{270005C3-A555-4023-BBCE-8657630A883E}.Debug|Any CPU.Build.0 = Debug|Any CPU
		{270005C3-A555-4023-BBCE-8657630A883E}.Release|Any CPU.ActiveCfg = Release|Any CPU
		{270005C3-A555-4023-BBCE-8657630A883E}.Release|Any CPU.Build.0 = Release|Any CPU
		{529F784F-4067-45A8-88FD-7F3399EA457E}.Debug|Any CPU.ActiveCfg = Debug|Any CPU
		{529F784F-4067-45A8-88FD-7F3399EA457E}.Debug|Any CPU.Build.0 = Debug|Any CPU
		{529F784F-4067-45A8-88FD-7F3399EA457E}.Release|Any CPU.ActiveCfg = Release|Any CPU
		{529F784F-4067-45A8-88FD-7F3399EA457E}.Release|Any CPU.Build.0 = Release|Any CPU
	EndGlobalSection
	GlobalSection(SolutionProperties) = preSolution
		HideSolutionNode = FALSE
	EndGlobalSection
	GlobalSection(NestedProjects) = preSolution
		{3C810C9B-E3D4-42C0-822F-FB1C632F2DCA} = {8E4F47CB-B2D0-4B86-B4F7-3890D8C111B9}
		{7A412FB0-31FF-42A3-9376-E6DB758AF42E} = {8E4F47CB-B2D0-4B86-B4F7-3890D8C111B9}
		{787FF52F-28EA-4BD0-B1C8-5DD73F0EBE06} = {8E4F47CB-B2D0-4B86-B4F7-3890D8C111B9}
		{D4577977-B00D-4495-A3FA-A20BB6A50456} = {8E4F47CB-B2D0-4B86-B4F7-3890D8C111B9}
		{9F0CF089-AE3A-4DFD-B65A-E15F900F9767} = {8E4F47CB-B2D0-4B86-B4F7-3890D8C111B9}
		{B5779806-5B58-4926-A13B-057A4F4F3612} = {8E4F47CB-B2D0-4B86-B4F7-3890D8C111B9}
		{270005C3-A555-4023-BBCE-8657630A883E} = {787FF52F-28EA-4BD0-B1C8-5DD73F0EBE06}
		{529F784F-4067-45A8-88FD-7F3399EA457E} = {7A412FB0-31FF-42A3-9376-E6DB758AF42E}
	EndGlobalSection
	GlobalSection(ExtensibilityGlobals) = postSolution
		SolutionGuid = {69646F1B-BDF6-450B-AA10-63A24D433F00}
	EndGlobalSection
EndGlobal
